
Microsoft Visual Studio Solution File, Format Version 12.00
# Visual Studio Version 17
VisualStudioVersion = 17.9.34728.123
MinimumVisualStudioVersion = 10.0.40219.1
Project("{9A19103F-16F7-4668-BE54-9A1E7A4F7556}") = "MSO opdracht 2", "MSO opdracht 2\MSO opdracht 2.csproj", "{07FBCBFD-0B68-4A1E-BBE3-F7C95565C45C}"
EndProject
Project("{9A19103F-16F7-4668-BE54-9A1E7A4F7556}") = "TestProject1", "TestProject1\TestProject1.csproj", "{23EFE3BF-B652-44CD-BA55-52967AE019FC}"
EndProject
Project("{FAE04EC0-301F-11D3-BF4B-00C04F79EFBC}") = "MSO opdracht 3", "MSO opdracht 3\MSO opdracht 3.csproj", "{CB3E96B3-8EC8-4717-ABB7-B52688F54DE9}"
EndProject
Global
	GlobalSection(SolutionConfigurationPlatforms) = preSolution
		Debug|Any CPU = Debug|Any CPU
		Release|Any CPU = Release|Any CPU
	EndGlobalSection
	GlobalSection(ProjectConfigurationPlatforms) = postSolution
		{07FBCBFD-0B68-4A1E-BBE3-F7C95565C45C}.Debug|Any CPU.ActiveCfg = Debug|Any CPU
		{07FBCBFD-0B68-4A1E-BBE3-F7C95565C45C}.Debug|Any CPU.Build.0 = Debug|Any CPU
		{07FBCBFD-0B68-4A1E-BBE3-F7C95565C45C}.Release|Any CPU.ActiveCfg = Release|Any CPU
		{07FBCBFD-0B68-4A1E-BBE3-F7C95565C45C}.Release|Any CPU.Build.0 = Release|Any CPU
		{23EFE3BF-B652-44CD-BA55-52967AE019FC}.Debug|Any CPU.ActiveCfg = Debug|Any CPU
		{23EFE3BF-B652-44CD-BA55-52967AE019FC}.Debug|Any CPU.Build.0 = Debug|Any CPU
		{23EFE3BF-B652-44CD-BA55-52967AE019FC}.Release|Any CPU.ActiveCfg = Release|Any CPU
		{23EFE3BF-B652-44CD-BA55-52967AE019FC}.Release|Any CPU.Build.0 = Release|Any CPU
		{CB3E96B3-8EC8-4717-ABB7-B52688F54DE9}.Debug|Any CPU.ActiveCfg = Debug|Any CPU
		{CB3E96B3-8EC8-4717-ABB7-B52688F54DE9}.Debug|Any CPU.Build.0 = Debug|Any CPU
		{CB3E96B3-8EC8-4717-ABB7-B52688F54DE9}.Release|Any CPU.ActiveCfg = Release|Any CPU
		{CB3E96B3-8EC8-4717-ABB7-B52688F54DE9}.Release|Any CPU.Build.0 = Release|Any CPU
	EndGlobalSection
	GlobalSection(SolutionProperties) = preSolution
		HideSolutionNode = FALSE
	EndGlobalSection
	GlobalSection(ExtensibilityGlobals) = postSolution
		SolutionGuid = {6B7C0514-B1C8-4C51-8B84-AA4C708C9480}
	EndGlobalSection
EndGlobal
