
Microsoft Visual Studio Solution File, Format Version 12.00
# Visual Studio Version 17
VisualStudioVersion = 17.9.34728.123
MinimumVisualStudioVersion = 10.0.40219.1
Project("{FAE04EC0-301F-11D3-BF4B-00C04F79EFBC}") = "MSO opdracht 2", "MSO opdracht 2\MSO opdracht 2.csproj", "{07FBCBFD-0B68-4A1E-BBE3-F7C95565C45C}"
EndProject
Global
	GlobalSection(SolutionConfigurationPlatforms) = preSolution
		Debug|Any CPU = Debug|Any CPU
		Release|Any CPU = Release|Any CPU
	EndGlobalSection
	GlobalSection(ProjectConfigurationPlatforms) = postSolution
		{07FBCBFD-0B68-4A1E-BBE3-F7C95565C45C}.Debug|Any CPU.ActiveCfg = Debug|Any CPU
		{07FBCBFD-0B68-4A1E-BBE3-F7C95565C45C}.Debug|Any CPU.Build.0 = Debug|Any CPU
		{07FBCBFD-0B68-4A1E-BBE3-F7C95565C45C}.Release|Any CPU.ActiveCfg = Release|Any CPU
		{07FBCBFD-0B68-4A1E-BBE3-F7C95565C45C}.Release|Any CPU.Build.0 = Release|Any CPU
	EndGlobalSection
	GlobalSection(SolutionProperties) = preSolution
		HideSolutionNode = FALSE
	EndGlobalSection
	GlobalSection(ExtensibilityGlobals) = postSolution
		SolutionGuid = {6B7C0514-B1C8-4C51-8B84-AA4C708C9480}
	EndGlobalSection
EndGlobal
